
Microsoft Visual Studio Solution File, Format Version 12.00
# Visual Studio Version 17
VisualStudioVersion = 17.4.33213.308
MinimumVisualStudioVersion = 10.0.40219.1
Project("{FAE04EC0-301F-11D3-BF4B-00C04F79EFBC}") = "MyFirstApp", "MyFirstApp\MyFirstApp.csproj", "{F51D0409-F4E6-4772-AFD8-AFF3C24919DB}"
EndProject
Global
	GlobalSection(SolutionConfigurationPlatforms) = preSolution
		Debug|Any CPU = Debug|Any CPU
		Release|Any CPU = Release|Any CPU
	EndGlobalSection
	GlobalSection(ProjectConfigurationPlatforms) = postSolution
		{F51D0409-F4E6-4772-AFD8-AFF3C24919DB}.Debug|Any CPU.ActiveCfg = Debug|Any CPU
		{F51D0409-F4E6-4772-AFD8-AFF3C24919DB}.Debug|Any CPU.Build.0 = Debug|Any CPU
		{F51D0409-F4E6-4772-AFD8-AFF3C24919DB}.Release|Any CPU.ActiveCfg = Release|Any CPU
		{F51D0409-F4E6-4772-AFD8-AFF3C24919DB}.Release|Any CPU.Build.0 = Release|Any CPU
	EndGlobalSection
	GlobalSection(SolutionProperties) = preSolution
		HideSolutionNode = FALSE
	EndGlobalSection
	GlobalSection(ExtensibilityGlobals) = postSolution
		SolutionGuid = {718AE278-5978-46BC-97CF-0B1A08A073CA}
	EndGlobalSection
EndGlobal
